
Microsoft Visual Studio Solution File, Format Version 12.00
# Visual Studio 15
VisualStudioVersion = 15.0.28307.645
MinimumVisualStudioVersion = 10.0.40219.1
Project("{FAE04EC0-301F-11D3-BF4B-00C04F79EFBC}") = "MarsRover", "MarsRover\MarsRover.csproj", "{A347DF00-E10A-47E7-8D8E-2681CD0908DE}"
EndProject
Project("{FAE04EC0-301F-11D3-BF4B-00C04F79EFBC}") = "MarsRover.Test", "MarsRover.Test\MarsRover.Test.csproj", "{09921D95-68D0-4A27-9501-14CD647D7885}"
EndProject
Global
	GlobalSection(SolutionConfigurationPlatforms) = preSolution
		Debug|Any CPU = Debug|Any CPU
		Release|Any CPU = Release|Any CPU
	EndGlobalSection
	GlobalSection(ProjectConfigurationPlatforms) = postSolution
		{A347DF00-E10A-47E7-8D8E-2681CD0908DE}.Debug|Any CPU.ActiveCfg = Debug|Any CPU
		{A347DF00-E10A-47E7-8D8E-2681CD0908DE}.Debug|Any CPU.Build.0 = Debug|Any CPU
		{A347DF00-E10A-47E7-8D8E-2681CD0908DE}.Release|Any CPU.ActiveCfg = Release|Any CPU
		{A347DF00-E10A-47E7-8D8E-2681CD0908DE}.Release|Any CPU.Build.0 = Release|Any CPU
		{09921D95-68D0-4A27-9501-14CD647D7885}.Debug|Any CPU.ActiveCfg = Debug|Any CPU
		{09921D95-68D0-4A27-9501-14CD647D7885}.Debug|Any CPU.Build.0 = Debug|Any CPU
		{09921D95-68D0-4A27-9501-14CD647D7885}.Release|Any CPU.ActiveCfg = Release|Any CPU
		{09921D95-68D0-4A27-9501-14CD647D7885}.Release|Any CPU.Build.0 = Release|Any CPU
	EndGlobalSection
	GlobalSection(SolutionProperties) = preSolution
		HideSolutionNode = FALSE
	EndGlobalSection
	GlobalSection(ExtensibilityGlobals) = postSolution
		SolutionGuid = {910446B5-1F58-4E73-890C-67FF56296D6C}
	EndGlobalSection
EndGlobal
